{
    "_meta": {
        "hash": {
            "sha256": "21d632edbc7405516910d72801118cc4641295d159f6e8942f972fa3ca1788ed"
        },
        "pipfile-spec": 6,
        "requires": {
            "python_version": "3.8"
        },
        "sources": [
            {
                "name": "pypi",
                "url": "https://pypi.org/simple",
                "verify_ssl": true
            }
        ]
    },
    "default": {
        "asttokens": {
            "hashes": [
                "sha256:4622110b2a6f30b77e1473affaa97e711bc2f07d3f10848420ff1898edbe94f3",
                "sha256:6b0ac9e93fb0335014d382b8fa9b3afa7df546984258005da0b9e7095b3deb1c"
            ],
            "version": "==2.2.1"
        },
        "backcall": {
            "hashes": [
                "sha256:5cbdbf27be5e7cfadb448baf0aa95508f91f2bbc6c6437cd9cd06e2a4c215e1e",
                "sha256:fbbce6a29f263178a1f7915c1940bde0ec2b2a967566fe1c65c1dfb7422bd255"
            ],
            "version": "==0.2.0"
        },
        "cycler": {
            "hashes": [
                "sha256:3a27e95f763a428a739d2add979fa7494c912a32c17c4c38c4d5f082cad165a3",
                "sha256:9c87405839a19696e837b3b818fed3f5f69f16f1eec1a1ad77e043dcea9c772f"
            ],
            "markers": "python_version >= '3.6'",
            "version": "==0.11.0"
        },
        "decorator": {
            "hashes": [
                "sha256:637996211036b6385ef91435e4fae22989472f9d571faba8927ba8253acbc330",
                "sha256:b8c3f85900b9dc423225913c5aace94729fe1fa9763b38939a95226f02d37186"
            ],
            "markers": "python_version >= '3.5'",
            "version": "==5.1.1"
        },
        "executing": {
            "hashes": [
                "sha256:0314a69e37426e3608aada02473b4161d4caf5a4b244d1d0c48072b8fee7bacc",
                "sha256:19da64c18d2d851112f09c287f8d3dbbdf725ab0e569077efb6cdcbd3497c107"
            ],
            "version": "==1.2.0"
        },
        "importlib-metadata": {
            "hashes": [
                "sha256:43dd286a2cd8995d5eaef7fee2066340423b818ed3fd70adf0bad5f1fac53fed",
                "sha256:92501cdf9cc66ebd3e612f1b4f0c0765dfa42f0fa38ffb319b6bd84dd675d705"
            ],
            "markers": "python_version < '3.10'",
            "version": "==6.6.0"
        },
        "ipykernel": {
            "hashes": [
                "sha256:4ed205700001a83b5832d4821c46a5733f1bf4b1c55744314ae3c756be6b6095",
                "sha256:697103d218e9a8828025af7986e033c89e0b36e2b6eb84a5bda4739b9a27f3cb"
            ],
            "index": "pypi",
            "version": "==5.4.3"
        },
        "ipython": {
            "hashes": [
                "sha256:c7b80eb7f5a855a88efc971fda506ff7a91c280b42cdae26643e0f601ea281ea",
                "sha256:ea8801f15dfe4ffb76dea1b09b847430ffd70d827b41735c64a0638a04103bfc"
            ],
            "markers": "python_version >= '3.8'",
            "version": "==8.12.2"
        },
        "jedi": {
            "hashes": [
                "sha256:203c1fd9d969ab8f2119ec0a3342e0b49910045abe6af0a3ae83a5764d54639e",
                "sha256:bae794c30d07f6d910d32a7048af09b5a39ed740918da923c6b780790ebac612"
            ],
            "markers": "python_version >= '3.6'",
            "version": "==0.18.2"
        },
        "joblib": {
            "hashes": [
                "sha256:091138ed78f800342968c523bdde947e7a305b8594b910a0fea2ab83c3c6d385",
                "sha256:e1cee4a79e4af22881164f218d4311f60074197fb707e082e803b61f6d137018"
            ],
            "markers": "python_version >= '3.7'",
            "version": "==1.2.0"
        },
        "jupyter-client": {
            "hashes": [
                "sha256:9fe233834edd0e6c0aa5f05ca2ab4bdea1842bfd2d8a932878212fc5301ddaf0",
                "sha256:b18219aa695d39e2ad570533e0d71fb7881d35a873051054a84ee2a17c4b7389"
            ],
            "markers": "python_version >= '3.8'",
            "version": "==8.2.0"
        },
        "jupyter-core": {
            "hashes": [
                "sha256:6db75be0c83edbf1b7c9f91ec266a9a24ef945da630f3120e1a0046dc13713fc",
                "sha256:d4201af84559bc8c70cead287e1ab94aeef3c512848dde077b7684b54d67730d"
            ],
            "markers": "python_version >= '3.8'",
            "version": "==5.3.0"
        },
        "kiwisolver": {
            "hashes": [
                "sha256:02f79693ec433cb4b5f51694e8477ae83b3205768a6fb48ffba60549080e295b",
                "sha256:03baab2d6b4a54ddbb43bba1a3a2d1627e82d205c5cf8f4c924dc49284b87166",
                "sha256:1041feb4cda8708ce73bb4dcb9ce1ccf49d553bf87c3954bdfa46f0c3f77252c",
                "sha256:10ee06759482c78bdb864f4109886dff7b8a56529bc1609d4f1112b93fe6423c",
                "sha256:1d1573129aa0fd901076e2bfb4275a35f5b7aa60fbfb984499d661ec950320b0",
                "sha256:283dffbf061a4ec60391d51e6155e372a1f7a4f5b15d59c8505339454f8989e4",
                "sha256:28bc5b299f48150b5f822ce68624e445040595a4ac3d59251703779836eceff9",
                "sha256:2a66fdfb34e05b705620dd567f5a03f239a088d5a3f321e7b6ac3239d22aa286",
                "sha256:2e307eb9bd99801f82789b44bb45e9f541961831c7311521b13a6c85afc09767",
                "sha256:2e407cb4bd5a13984a6c2c0fe1845e4e41e96f183e5e5cd4d77a857d9693494c",
                "sha256:2f5e60fabb7343a836360c4f0919b8cd0d6dbf08ad2ca6b9cf90bf0c76a3c4f6",
                "sha256:36dafec3d6d6088d34e2de6b85f9d8e2324eb734162fba59d2ba9ed7a2043d5b",
                "sha256:3fe20f63c9ecee44560d0e7f116b3a747a5d7203376abeea292ab3152334d004",
                "sha256:41dae968a94b1ef1897cb322b39360a0812661dba7c682aa45098eb8e193dbdf",
                "sha256:4bd472dbe5e136f96a4b18f295d159d7f26fd399136f5b17b08c4e5f498cd494",
                "sha256:4ea39b0ccc4f5d803e3337dd46bcce60b702be4d86fd0b3d7531ef10fd99a1ac",
                "sha256:5853eb494c71e267912275e5586fe281444eb5e722de4e131cddf9d442615626",
                "sha256:5bce61af018b0cb2055e0e72e7d65290d822d3feee430b7b8203d8a855e78766",
                "sha256:6295ecd49304dcf3bfbfa45d9a081c96509e95f4b9d0eb7ee4ec0530c4a96514",
                "sha256:62ac9cc684da4cf1778d07a89bf5f81b35834cb96ca523d3a7fb32509380cbf6",
                "sha256:70e7c2e7b750585569564e2e5ca9845acfaa5da56ac46df68414f29fea97be9f",
                "sha256:7577c1987baa3adc4b3c62c33bd1118c3ef5c8ddef36f0f2c950ae0b199e100d",
                "sha256:75facbe9606748f43428fc91a43edb46c7ff68889b91fa31f53b58894503a191",
                "sha256:787518a6789009c159453da4d6b683f468ef7a65bbde796bcea803ccf191058d",
                "sha256:78d6601aed50c74e0ef02f4204da1816147a6d3fbdc8b3872d263338a9052c51",
                "sha256:7c43e1e1206cd421cd92e6b3280d4385d41d7166b3ed577ac20444b6995a445f",
                "sha256:81e38381b782cc7e1e46c4e14cd997ee6040768101aefc8fa3c24a4cc58e98f8",
                "sha256:841293b17ad704d70c578f1f0013c890e219952169ce8a24ebc063eecf775454",
                "sha256:872b8ca05c40d309ed13eb2e582cab0c5a05e81e987ab9c521bf05ad1d5cf5cb",
                "sha256:877272cf6b4b7e94c9614f9b10140e198d2186363728ed0f701c6eee1baec1da",
                "sha256:8c808594c88a025d4e322d5bb549282c93c8e1ba71b790f539567932722d7bd8",
                "sha256:8ed58b8acf29798b036d347791141767ccf65eee7f26bde03a71c944449e53de",
                "sha256:91672bacaa030f92fc2f43b620d7b337fd9a5af28b0d6ed3f77afc43c4a64b5a",
                "sha256:968f44fdbf6dd757d12920d63b566eeb4d5b395fd2d00d29d7ef00a00582aac9",
                "sha256:9f85003f5dfa867e86d53fac6f7e6f30c045673fa27b603c397753bebadc3008",
                "sha256:a553dadda40fef6bfa1456dc4be49b113aa92c2a9a9e8711e955618cd69622e3",
                "sha256:a68b62a02953b9841730db7797422f983935aeefceb1679f0fc85cbfbd311c32",
                "sha256:abbe9fa13da955feb8202e215c4018f4bb57469b1b78c7a4c5c7b93001699938",
                "sha256:ad881edc7ccb9d65b0224f4e4d05a1e85cf62d73aab798943df6d48ab0cd79a1",
                "sha256:b1792d939ec70abe76f5054d3f36ed5656021dcad1322d1cc996d4e54165cef9",
                "sha256:b428ef021242344340460fa4c9185d0b1f66fbdbfecc6c63eff4b7c29fad429d",
                "sha256:b533558eae785e33e8c148a8d9921692a9fe5aa516efbdff8606e7d87b9d5824",
                "sha256:ba59c92039ec0a66103b1d5fe588fa546373587a7d68f5c96f743c3396afc04b",
                "sha256:bc8d3bd6c72b2dd9decf16ce70e20abcb3274ba01b4e1c96031e0c4067d1e7cd",
                "sha256:bc9db8a3efb3e403e4ecc6cd9489ea2bac94244f80c78e27c31dcc00d2790ac2",
                "sha256:bf7d9fce9bcc4752ca4a1b80aabd38f6d19009ea5cbda0e0856983cf6d0023f5",
                "sha256:c2dbb44c3f7e6c4d3487b31037b1bdbf424d97687c1747ce4ff2895795c9bf69",
                "sha256:c79ebe8f3676a4c6630fd3f777f3cfecf9289666c84e775a67d1d358578dc2e3",
                "sha256:c97528e64cb9ebeff9701e7938653a9951922f2a38bd847787d4a8e498cc83ae",
                "sha256:d0611a0a2a518464c05ddd5a3a1a0e856ccc10e67079bb17f265ad19ab3c7597",
                "sha256:d06adcfa62a4431d404c31216f0f8ac97397d799cd53800e9d3efc2fbb3cf14e",
                "sha256:d41997519fcba4a1e46eb4a2fe31bc12f0ff957b2b81bac28db24744f333e955",
                "sha256:d5b61785a9ce44e5a4b880272baa7cf6c8f48a5180c3e81c59553ba0cb0821ca",
                "sha256:da152d8cdcab0e56e4f45eb08b9aea6455845ec83172092f09b0e077ece2cf7a",
                "sha256:da7e547706e69e45d95e116e6939488d62174e033b763ab1496b4c29b76fabea",
                "sha256:db5283d90da4174865d520e7366801a93777201e91e79bacbac6e6927cbceede",
                "sha256:db608a6757adabb32f1cfe6066e39b3706d8c3aa69bbc353a5b61edad36a5cb4",
                "sha256:e0ea21f66820452a3f5d1655f8704a60d66ba1191359b96541eaf457710a5fc6",
                "sha256:e7da3fec7408813a7cebc9e4ec55afed2d0fd65c4754bc376bf03498d4e92686",
                "sha256:e92a513161077b53447160b9bd8f522edfbed4bd9759e4c18ab05d7ef7e49408",
                "sha256:ecb1fa0db7bf4cff9dac752abb19505a233c7f16684c5826d1f11ebd9472b871",
                "sha256:efda5fc8cc1c61e4f639b8067d118e742b812c930f708e6667a5ce0d13499e29",
                "sha256:f0a1dbdb5ecbef0d34eb77e56fcb3e95bbd7e50835d9782a45df81cc46949750",
                "sha256:f0a71d85ecdd570ded8ac3d1c0f480842f49a40beb423bb8014539a9f32a5897",
                "sha256:f4f270de01dd3e129a72efad823da90cc4d6aafb64c410c9033aba70db9f1ff0",
                "sha256:f6cb459eea32a4e2cf18ba5fcece2dbdf496384413bc1bae15583f19e567f3b2",
                "sha256:f8ad8285b01b0d4695102546b342b493b3ccc6781fc28c8c6a1bb63e95d22f09",
                "sha256:f9f39e2f049db33a908319cf46624a569b36983c7c78318e9726a4cb8923b26c"
            ],
            "markers": "python_version >= '3.7'",
            "version": "==1.4.4"
        },
        "matplotlib": {
            "hashes": [
                "sha256:09225edca87a79815822eb7d3be63a83ebd4d9d98d5aa3a15a94f4eee2435954",
                "sha256:0caa687fce6174fef9b27d45f8cc57cbc572e04e98c81db8e628b12b563d59a2",
                "sha256:27c9393fada62bd0ad7c730562a0fecbd3d5aaa8d9ed80ba7d3ebb8abc4f0453",
                "sha256:2c2c5041608cb75c39cbd0ed05256f8a563e144234a524c59d091abbfa7a868f",
                "sha256:2d31aff0c8184b05006ad756b9a4dc2a0805e94d28f3abc3187e881b6673b302",
                "sha256:3a4c3e9be63adf8e9b305aa58fb3ec40ecc61fd0f8fd3328ce55bc30e7a2aeb0",
                "sha256:5111d6d47a0f5b8f3e10af7a79d5e7eb7e73a22825391834734274c4f312a8a0",
                "sha256:5ed3d3342698c2b1f3651f8ea6c099b0f196d16ee00e33dc3a6fee8cb01d530a",
                "sha256:6ffd2d80d76df2e5f9f0c0140b5af97e3b87dd29852dcdb103ec177d853ec06b",
                "sha256:746897fbd72bd462b888c74ed35d812ca76006b04f717cd44698cdfc99aca70d",
                "sha256:756ee498b9ba35460e4cbbd73f09018e906daa8537fff61da5b5bf8d5e9de5c7",
                "sha256:7ad44f2c74c50567c694ee91c6fa16d67e7c8af6f22c656b80469ad927688457",
                "sha256:83e6c895d93fdf93eeff1a21ee96778ba65ef258e5d284160f7c628fee40c38f",
                "sha256:9b03722c89a43a61d4d148acfc89ec5bb54cd0fd1539df25b10eb9c5fa6c393a",
                "sha256:a4fe54eab2c7129add75154823e6543b10261f9b65b2abe692d68743a4999f8c",
                "sha256:b1b60c6476c4cfe9e5cf8ab0d3127476fd3d5f05de0f343a452badaad0e4bdec",
                "sha256:b26c472847911f5a7eb49e1c888c31c77c4ddf8023c1545e0e8e0367ba74fb15",
                "sha256:b2a5e1f637a92bb6f3526cc54cc8af0401112e81ce5cba6368a1b7908f9e18bc",
                "sha256:b7b09c61a91b742cb5460b72efd1fe26ef83c1c704f666e0af0df156b046aada",
                "sha256:b8ba2a1dbb4660cb469fe8e1febb5119506059e675180c51396e1723ff9b79d9",
                "sha256:c092fc4673260b1446b8578015321081d5db73b94533fe4bf9b69f44e948d174",
                "sha256:c586ac1d64432f92857c3cf4478cfb0ece1ae18b740593f8a39f2f0b27c7fda5",
                "sha256:d082f77b4ed876ae94a9373f0db96bf8768a7cca6c58fc3038f94e30ffde1880",
                "sha256:e71cdd402047e657c1662073e9361106c6981e9621ab8c249388dfc3ec1de07b",
                "sha256:eb6b6700ea454bb88333d98601e74928e06f9669c1ea231b4c4c666c1d7701b4"
            ],
            "index": "pypi",
            "version": "==3.3.3"
        },
        "matplotlib-inline": {
            "hashes": [
                "sha256:f1f41aab5328aa5aaea9b16d083b128102f8712542f819fe7e6a420ff581b311",
                "sha256:f887e5f10ba98e8d2b150ddcf4702c1e5f8b3a20005eb0f74bfdbd360ee6f304"
            ],
            "markers": "python_version >= '3.5'",
            "version": "==0.1.6"
        },
        "numpy": {
            "hashes": [
                "sha256:0ec87a7084caa559c36e0a2309e4ecb1baa03b687201d0a847c8b0ed476a7187",
                "sha256:1a7d6acc2e7524c9955e5c903160aa4ea083736fde7e91276b0e5d98e6332812",
                "sha256:202de8f38fc4a45a3eea4b63e2f376e5f2dc64ef0fa692838e31a808520efaf7",
                "sha256:210461d87fb02a84ef243cac5e814aad2b7f4be953b32cb53327bb49fd77fbb4",
                "sha256:2d926b52ba1367f9acb76b0df6ed21f0b16a1ad87c6720a1121674e5cf63e2b6",
                "sha256:352ee00c7f8387b44d19f4cada524586f07379c0d49270f87233983bc5087ca0",
                "sha256:35400e6a8d102fd07c71ed7dcadd9eb62ee9a6e84ec159bd48c28235bbb0f8e4",
                "sha256:3c1104d3c036fb81ab923f507536daedc718d0ad5a8707c6061cdfd6d184e570",
                "sha256:4719d5aefb5189f50887773699eaf94e7d1e02bf36c1a9d353d9f46703758ca4",
                "sha256:4749e053a29364d3452c034827102ee100986903263e89884922ef01a0a6fd2f",
                "sha256:5342cf6aad47943286afa6f1609cad9b4266a05e7f2ec408e2cf7aea7ff69d80",
                "sha256:56e48aec79ae238f6e4395886b5eaed058abb7231fb3361ddd7bfdf4eed54289",
                "sha256:76e3f4e85fc5d4fd311f6e9b794d0c00e7002ec122be271f2019d63376f1d385",
                "sha256:7776ea65423ca6a15255ba1872d82d207bd1e09f6d0894ee4a64678dd2204078",
                "sha256:784c6da1a07818491b0ffd63c6bbe5a33deaa0e25a20e1b3ea20cf0e43f8046c",
                "sha256:8535303847b89aa6b0f00aa1dc62867b5a32923e4d1681a35b5eef2d9591a463",
                "sha256:9a7721ec204d3a237225db3e194c25268faf92e19338a35f3a224469cb6039a3",
                "sha256:a1d3c026f57ceaad42f8231305d4653d5f05dc6332a730ae5c0bea3513de0950",
                "sha256:ab344f1bf21f140adab8e47fdbc7c35a477dc01408791f8ba00d018dd0bc5155",
                "sha256:ab5f23af8c16022663a652d3b25dcdc272ac3f83c3af4c02eb8b824e6b3ab9d7",
                "sha256:ae8d0be48d1b6ed82588934aaaa179875e7dc4f3d84da18d7eae6eb3f06c242c",
                "sha256:c91c4afd8abc3908e00a44b2672718905b8611503f7ff87390cc0ac3423fb096",
                "sha256:d5036197ecae68d7f491fcdb4df90082b0d4960ca6599ba2659957aafced7c17",
                "sha256:d6cc757de514c00b24ae8cf5c876af2a7c3df189028d68c0cb4eaa9cd5afc2bf",
                "sha256:d933fabd8f6a319e8530d0de4fcc2e6a61917e0b0c271fded460032db42a0fe4",
                "sha256:ea8282b9bcfe2b5e7d491d0bf7f3e2da29700cec05b49e64d6246923329f2b02",
                "sha256:ecde0f8adef7dfdec993fd54b0f78183051b6580f606111a6d789cd14c61ea0c",
                "sha256:f21c442fdd2805e91799fbe044a7b999b8571bb0ab0f7850d0cb9641a687092b"
            ],
            "markers": "python_version >= '3.8'",
            "version": "==1.24.3"
        },
        "pandas": {
            "hashes": [
                "sha256:0be6102dd99910513e75ed6536284743ead810349c51bdeadd2a5b6649f30abb",
                "sha256:272675a98fa4954b9fc0933df775596fc942e50015d7e75d8f19548808a2bfdf",
                "sha256:2d8b4f532db37418121831a461fd107d826c240b098f52e7a1b4ab3d5aaa4fb2",
                "sha256:33318fa24b192b1a4684347ff76679a7267fd4e547da9f71556a5914f0dc10e7",
                "sha256:3bc6d2be03cb75981d8cbeda09503cd9d6d699fc0dc28a65e197165ad527b7b8",
                "sha256:43482789c55cbabeed9482263cfc98a11e8fcae900cb63ef038948acb4a72570",
                "sha256:616478c1bd8fe1e600f521ae2da434e021c11e7a4e5da3451d02906143d3629a",
                "sha256:6c1a57e4d0d6f9633a07817c44e6b36d81c265fe4c52d0c0505513a2d0f7953c",
                "sha256:7904ee438549b5223ce8dc008772458dd7c5cf0ccc64cf903e81202400702235",
                "sha256:7b54c14130a3448d81eed1348f52429c23e27188d9db6e6d4afeae792bc49c11",
                "sha256:8f92b07cdbfa3704d85b4264e52c216cafe6c0059b0d07cdad8cb29e0b90f2b8",
                "sha256:91fd0b94e7b98528177a05e6f65efea79d7ef9dec15ee48c7c69fc39fdd87235",
                "sha256:9c6692cea6d56da8650847172bdb148622f545e7782d17995822434c79d7a211",
                "sha256:9e18631d996fe131de6cb31a8bdae18965cc8f39eb23fdfbbf42808ecc63dabf",
                "sha256:cba93d4fd3b0a42858b2b599495aff793fb5d94587979f45a14177d1217ba446",
                "sha256:e03386615b970b8b41da6a68afe717626741bb2431cec993640685614c0680e4",
                "sha256:f8b87d2f541cd9bc4ecfe85a561abac85c33fe4de4ce70cca36b2768af2611f5"
            ],
            "index": "pypi",
            "version": "==1.2.0"
        },
        "parso": {
            "hashes": [
                "sha256:8c07be290bb59f03588915921e29e8a50002acaf2cdc5fa0e0114f91709fafa0",
                "sha256:c001d4636cd3aecdaf33cbb40aebb59b094be2a74c556778ef5576c175e19e75"
            ],
            "markers": "python_version >= '3.6'",
            "version": "==0.8.3"
        },
        "pexpect": {
            "hashes": [
                "sha256:0b48a55dcb3c05f3329815901ea4fc1537514d6ba867a152b581d69ae3710937",
                "sha256:fc65a43959d153d0114afe13997d439c22823a27cefceb5ff35c2178c6784c0c"
            ],
            "markers": "sys_platform != 'win32'",
            "version": "==4.8.0"
        },
        "pickleshare": {
            "hashes": [
                "sha256:87683d47965c1da65cdacaf31c8441d12b8044cdec9aca500cd78fc2c683afca",
                "sha256:9649af414d74d4df115d5d718f82acb59c9d418196b7b4290ed47a12ce62df56"
            ],
            "version": "==0.7.5"
        },
        "pillow": {
            "hashes": [
                "sha256:07999f5834bdc404c442146942a2ecadd1cb6292f5229f4ed3b31e0a108746b1",
                "sha256:0852ddb76d85f127c135b6dd1f0bb88dbb9ee990d2cd9aa9e28526c93e794fba",
                "sha256:1781a624c229cb35a2ac31cc4a77e28cafc8900733a864870c49bfeedacd106a",
                "sha256:1e7723bd90ef94eda669a3c2c19d549874dd5badaeefabefd26053304abe5799",
                "sha256:229e2c79c00e85989a34b5981a2b67aa079fd08c903f0aaead522a1d68d79e51",
                "sha256:22baf0c3cf0c7f26e82d6e1adf118027afb325e703922c8dfc1d5d0156bb2eeb",
                "sha256:252a03f1bdddce077eff2354c3861bf437c892fb1832f75ce813ee94347aa9b5",
                "sha256:2dfaaf10b6172697b9bceb9a3bd7b951819d1ca339a5ef294d1f1ac6d7f63270",
                "sha256:322724c0032af6692456cd6ed554bb85f8149214d97398bb80613b04e33769f6",
                "sha256:35f6e77122a0c0762268216315bf239cf52b88865bba522999dc38f1c52b9b47",
                "sha256:375f6e5ee9620a271acb6820b3d1e94ffa8e741c0601db4c0c4d3cb0a9c224bf",
                "sha256:3ded42b9ad70e5f1754fb7c2e2d6465a9c842e41d178f262e08b8c85ed8a1d8e",
                "sha256:432b975c009cf649420615388561c0ce7cc31ce9b2e374db659ee4f7d57a1f8b",
                "sha256:482877592e927fd263028c105b36272398e3e1be3269efda09f6ba21fd83ec66",
                "sha256:489f8389261e5ed43ac8ff7b453162af39c3e8abd730af8363587ba64bb2e865",
                "sha256:54f7102ad31a3de5666827526e248c3530b3a33539dbda27c6843d19d72644ec",
                "sha256:560737e70cb9c6255d6dcba3de6578a9e2ec4b573659943a5e7e4af13f298f5c",
                "sha256:5671583eab84af046a397d6d0ba25343c00cd50bce03787948e0fff01d4fd9b1",
                "sha256:5ba1b81ee69573fe7124881762bb4cd2e4b6ed9dd28c9c60a632902fe8db8b38",
                "sha256:5d4ebf8e1db4441a55c509c4baa7a0587a0210f7cd25fcfe74dbbce7a4bd1906",
                "sha256:60037a8db8750e474af7ffc9faa9b5859e6c6d0a50e55c45576bf28be7419705",
                "sha256:608488bdcbdb4ba7837461442b90ea6f3079397ddc968c31265c1e056964f1ef",
                "sha256:6608ff3bf781eee0cd14d0901a2b9cc3d3834516532e3bd673a0a204dc8615fc",
                "sha256:662da1f3f89a302cc22faa9f14a262c2e3951f9dbc9617609a47521c69dd9f8f",
                "sha256:7002d0797a3e4193c7cdee3198d7c14f92c0836d6b4a3f3046a64bd1ce8df2bf",
                "sha256:763782b2e03e45e2c77d7779875f4432e25121ef002a41829d8868700d119392",
                "sha256:77165c4a5e7d5a284f10a6efaa39a0ae8ba839da344f20b111d62cc932fa4e5d",
                "sha256:7c9af5a3b406a50e313467e3565fc99929717f780164fe6fbb7704edba0cebbe",
                "sha256:7ec6f6ce99dab90b52da21cf0dc519e21095e332ff3b399a357c187b1a5eee32",
                "sha256:833b86a98e0ede388fa29363159c9b1a294b0905b5128baf01db683672f230f5",
                "sha256:84a6f19ce086c1bf894644b43cd129702f781ba5751ca8572f08aa40ef0ab7b7",
                "sha256:8507eda3cd0608a1f94f58c64817e83ec12fa93a9436938b191b80d9e4c0fc44",
                "sha256:85ec677246533e27770b0de5cf0f9d6e4ec0c212a1f89dfc941b64b21226009d",
                "sha256:8aca1152d93dcc27dc55395604dcfc55bed5f25ef4c98716a928bacba90d33a3",
                "sha256:8d935f924bbab8f0a9a28404422da8af4904e36d5c33fc6f677e4c4485515625",
                "sha256:8f36397bf3f7d7c6a3abdea815ecf6fd14e7fcd4418ab24bae01008d8d8ca15e",
                "sha256:91ec6fe47b5eb5a9968c79ad9ed78c342b1f97a091677ba0e012701add857829",
                "sha256:965e4a05ef364e7b973dd17fc765f42233415974d773e82144c9bbaaaea5d089",
                "sha256:96e88745a55b88a7c64fa49bceff363a1a27d9a64e04019c2281049444a571e3",
                "sha256:99eb6cafb6ba90e436684e08dad8be1637efb71c4f2180ee6b8f940739406e78",
                "sha256:9adf58f5d64e474bed00d69bcd86ec4bcaa4123bfa70a65ce72e424bfb88ed96",
                "sha256:9b1af95c3a967bf1da94f253e56b6286b50af23392a886720f563c547e48e964",
                "sha256:a0aa9417994d91301056f3d0038af1199eb7adc86e646a36b9e050b06f526597",
                "sha256:a0f9bb6c80e6efcde93ffc51256d5cfb2155ff8f78292f074f60f9e70b942d99",
                "sha256:a127ae76092974abfbfa38ca2d12cbeddcdeac0fb71f9627cc1135bedaf9d51a",
                "sha256:aaf305d6d40bd9632198c766fb64f0c1a83ca5b667f16c1e79e1661ab5060140",
                "sha256:aca1c196f407ec7cf04dcbb15d19a43c507a81f7ffc45b690899d6a76ac9fda7",
                "sha256:ace6ca218308447b9077c14ea4ef381ba0b67ee78d64046b3f19cf4e1139ad16",
                "sha256:b416f03d37d27290cb93597335a2f85ed446731200705b22bb927405320de903",
                "sha256:bf548479d336726d7a0eceb6e767e179fbde37833ae42794602631a070d630f1",
                "sha256:c1170d6b195555644f0616fd6ed929dfcf6333b8675fcca044ae5ab110ded296",
                "sha256:c380b27d041209b849ed246b111b7c166ba36d7933ec6e41175fd15ab9eb1572",
                "sha256:c446d2245ba29820d405315083d55299a796695d747efceb5717a8b450324115",
                "sha256:c830a02caeb789633863b466b9de10c015bded434deb3ec87c768e53752ad22a",
                "sha256:cb841572862f629b99725ebaec3287fc6d275be9b14443ea746c1dd325053cbd",
                "sha256:cfa4561277f677ecf651e2b22dc43e8f5368b74a25a8f7d1d4a3a243e573f2d4",
                "sha256:cfcc2c53c06f2ccb8976fb5c71d448bdd0a07d26d8e07e321c103416444c7ad1",
                "sha256:d3c6b54e304c60c4181da1c9dadf83e4a54fd266a99c70ba646a9baa626819eb",
                "sha256:d3d403753c9d5adc04d4694d35cf0391f0f3d57c8e0030aac09d7678fa8030aa",
                "sha256:d9c206c29b46cfd343ea7cdfe1232443072bbb270d6a46f59c259460db76779a",
                "sha256:e49eb4e95ff6fd7c0c402508894b1ef0e01b99a44320ba7d8ecbabefddcc5569",
                "sha256:f8286396b351785801a976b1e85ea88e937712ee2c3ac653710a4a57a8da5d9c",
                "sha256:f8fc330c3370a81bbf3f88557097d1ea26cd8b019d6433aa59f71195f5ddebbf",
                "sha256:fbd359831c1657d69bb81f0db962905ee05e5e9451913b18b831febfe0519082",
                "sha256:fe7e1c262d3392afcf5071df9afa574544f28eac825284596ac6db56e6d11062",
                "sha256:fed1e1cf6a42577953abbe8e6cf2fe2f566daebde7c34724ec8803c4c0cda579"
            ],
            "markers": "python_version >= '3.7'",
            "version": "==9.5.0"
        },
        "platformdirs": {
            "hashes": [
                "sha256:412dae91f52a6f84830f39a8078cecd0e866cb72294a5c66808e74d5e88d251f",
                "sha256:e2378146f1964972c03c085bb5662ae80b2b8c06226c54b2ff4aa9483e8a13a5"
            ],
            "markers": "python_version >= '3.7'",
            "version": "==3.5.1"
        },
        "prompt-toolkit": {
            "hashes": [
                "sha256:23ac5d50538a9a38c8bde05fecb47d0b403ecd0662857a86f886f798563d5b9b",
                "sha256:45ea77a2f7c60418850331366c81cf6b5b9cf4c7fd34616f733c5427e6abbb1f"
            ],
            "markers": "python_version >= '3.7'",
            "version": "==3.0.38"
        },
        "ptyprocess": {
            "hashes": [
                "sha256:4b41f3967fce3af57cc7e94b888626c18bf37a083e3651ca8feeb66d492fef35",
                "sha256:5c5d0a3b48ceee0b48485e0c26037c0acd7d29765ca3fbb5cb3831d347423220"
            ],
            "markers": "os_name != 'nt'",
            "version": "==0.7.0"
        },
        "pure-eval": {
            "hashes": [
                "sha256:01eaab343580944bc56080ebe0a674b39ec44a945e6d09ba7db3cb8cec289350",
                "sha256:2b45320af6dfaa1750f543d714b6d1c520a1688dec6fd24d339063ce0aaa9ac3"
            ],
            "version": "==0.2.2"
        },
        "pygments": {
            "hashes": [
                "sha256:8ace4d3c1dd481894b2005f560ead0f9f19ee64fe983366be1a21e171d12775c",
                "sha256:db2db3deb4b4179f399a09054b023b6a586b76499d36965813c71aa8ed7b5fd1"
            ],
            "markers": "python_version >= '3.7'",
            "version": "==2.15.1"
        },
        "pyparsing": {
            "hashes": [
                "sha256:2b020ecf7d21b687f219b71ecad3631f644a47f01403fa1d1036b0c6416d70fb",
                "sha256:5026bae9a10eeaefb61dab2f09052b9f4307d44aee4eda64b309723d8d206bbc"
            ],
            "markers": "python_full_version >= '3.6.8'",
            "version": "==3.0.9"
        },
        "python-dateutil": {
            "hashes": [
                "sha256:0123cacc1627ae19ddf3c27a5de5bd67ee4586fbdd6440d9748f8abb483d3e86",
                "sha256:961d03dc3453ebbc59dbdea9e4e11c5651520a876d0f4db161e8674aae935da9"
            ],
            "markers": "python_version >= '2.7' and python_version not in '3.0, 3.1, 3.2, 3.3'",
            "version": "==2.8.2"
        },
        "pytz": {
            "hashes": [
                "sha256:1d8ce29db189191fb55338ee6d0387d82ab59f3d00eac103412d64e0ebd0c588",
                "sha256:a151b3abb88eda1d4e34a9814df37de2a80e301e68ba0fd856fb9b46bfbbbffb"
            ],
            "version": "==2023.3"
        },
        "pyzmq": {
            "hashes": [
                "sha256:032f5c8483c85bf9c9ca0593a11c7c749d734ce68d435e38c3f72e759b98b3c9",
                "sha256:08bfcc21b5997a9be4fefa405341320d8e7f19b4d684fb9c0580255c5bd6d695",
                "sha256:1a843d26a8da1b752c74bc019c7b20e6791ee813cd6877449e6a1415589d22ff",
                "sha256:1f124cb73f1aa6654d31b183810febc8505fd0c597afa127c4f40076be4574e0",
                "sha256:1f82906a2d8e4ee310f30487b165e7cc8ed09c009e4502da67178b03083c4ce0",
                "sha256:21ec0bf4831988af43c8d66ba3ccd81af2c5e793e1bf6790eb2d50e27b3c570a",
                "sha256:24683285cc6b7bf18ad37d75b9db0e0fefe58404e7001f1d82bf9e721806daa7",
                "sha256:24abbfdbb75ac5039205e72d6c75f10fc39d925f2df8ff21ebc74179488ebfca",
                "sha256:25e6873a70ad5aa31e4a7c41e5e8c709296edef4a92313e1cd5fc87bbd1874e2",
                "sha256:269968f2a76c0513490aeb3ba0dc3c77b7c7a11daa894f9d1da88d4a0db09835",
                "sha256:26b0358e8933990502f4513c991c9935b6c06af01787a36d133b7c39b1df37fa",
                "sha256:28fdb9224a258134784a9cf009b59265a9dde79582fb750d4e88a6bcbc6fa3dc",
                "sha256:2b9c9cc965cdf28381e36da525dcb89fc1571d9c54800fdcd73e3f73a2fc29bd",
                "sha256:2da6813b7995b6b1d1307329c73d3e3be2fd2d78e19acfc4eff2e27262732388",
                "sha256:3059a6a534c910e1d5d068df42f60d434f79e6cc6285aa469b384fa921f78cf8",
                "sha256:312b3f0f066b4f1d17383aae509bacf833ccaf591184a1f3c7a1661c085063ae",
                "sha256:34a6fddd159ff38aa9497b2e342a559f142ab365576284bc8f77cb3ead1f79c5",
                "sha256:374b55516393bfd4d7a7daa6c3b36d6dd6a31ff9d2adad0838cd6a203125e714",
                "sha256:38d9f78d69bcdeec0c11e0feb3bc70f36f9b8c44fc06e5d06d91dc0a21b453c7",
                "sha256:4a31992a8f8d51663ebf79df0df6a04ffb905063083d682d4380ab8d2c67257c",
                "sha256:4a4b4261eb8f9ed71f63b9eb0198dd7c934aa3b3972dac586d0ef502ba9ab08b",
                "sha256:510d8e55b3a7cd13f8d3e9121edf0a8730b87d925d25298bace29a7e7bc82810",
                "sha256:531e36d9fcd66f18de27434a25b51d137eb546931033f392e85674c7a7cea853",
                "sha256:54a96cf77684a3a537b76acfa7237b1e79a8f8d14e7f00e0171a94b346c5293e",
                "sha256:56a94ab1d12af982b55ca96c6853db6ac85505e820d9458ac76364c1998972f4",
                "sha256:5c5fbb229e40a89a2fe73d0c1181916f31e30f253cb2d6d91bea7927c2e18413",
                "sha256:5d496815074e3e3d183fe2c7fcea2109ad67b74084c254481f87b64e04e9a471",
                "sha256:5eaeae038c68748082137d6896d5c4db7927e9349237ded08ee1bbd94f7361c9",
                "sha256:62ec8d979f56c0053a92b2b6a10ff54b9ec8a4f187db2b6ec31ee3dd6d3ca6e2",
                "sha256:64812f29d6eee565e129ca14b0c785744bfff679a4727137484101b34602d1a7",
                "sha256:6526d097b75192f228c09d48420854d53dfbc7abbb41b0e26f363ccb26fbc177",
                "sha256:659e62e1cbb063151c52f5b01a38e1df6b54feccfa3e2509d44c35ca6d7962ee",
                "sha256:65c19a63b4a83ae45d62178b70223adeee5f12f3032726b897431b6553aa25af",
                "sha256:67da1c213fbd208906ab3470cfff1ee0048838365135a9bddc7b40b11e6d6c89",
                "sha256:6a821a506822fac55d2df2085a52530f68ab15ceed12d63539adc32bd4410f6e",
                "sha256:6a979e59d2184a0c8f2ede4b0810cbdd86b64d99d9cc8a023929e40dce7c86cc",
                "sha256:6b8c1bbb70e868dc88801aa532cae6bd4e3b5233784692b786f17ad2962e5149",
                "sha256:6fadc60970714d86eff27821f8fb01f8328dd36bebd496b0564a500fe4a9e354",
                "sha256:715cff7644a80a7795953c11b067a75f16eb9fc695a5a53316891ebee7f3c9d5",
                "sha256:77942243ff4d14d90c11b2afd8ee6c039b45a0be4e53fb6fa7f5e4fd0b59da39",
                "sha256:7b504ae43d37e282301da586529e2ded8b36d4ee2cd5e6db4386724ddeaa6bbc",
                "sha256:827bf60e749e78acb408a6c5af6688efbc9993e44ecc792b036ec2f4b4acf485",
                "sha256:8280ada89010735a12b968ec3ea9a468ac2e04fddcc1cede59cb7f5178783b9c",
                "sha256:83d822e8687621bed87404afc1c03d83fa2ce39733d54c2fd52d8829edb8a7ff",
                "sha256:8560756318ec7c4c49d2c341012167e704b5a46d9034905853c3d1ade4f55bee",
                "sha256:85762712b74c7bd18e340c3639d1bf2f23735a998d63f46bb6584d904b5e401d",
                "sha256:88649b19ede1cab03b96b66c364cbbf17c953615cdbc844f7f6e5f14c5e5261c",
                "sha256:9a2e5fe42dfe6b73ca120b97ac9f34bfa8414feb15e00e37415dbd51cf227ef6",
                "sha256:9af0bb0277e92f41af35e991c242c9c71920169d6aa53ade7e444f338f4c8128",
                "sha256:9bdc40efb679b9dcc39c06d25629e55581e4c4f7870a5e88db4f1c51ce25e20d",
                "sha256:9e1d2f2d86fc75ed7f8845a992c5f6f1ab5db99747fb0d78b5e4046d041164d2",
                "sha256:a2e92ff20ad5d13266bc999a29ed29a3b5b101c21fdf4b2cf420c09db9fb690e",
                "sha256:a35960c8b2f63e4ef67fd6731851030df68e4b617a6715dd11b4b10312d19fef",
                "sha256:a6f6ae12478fdc26a6d5fdb21f806b08fa5403cd02fd312e4cb5f72df078f96f",
                "sha256:a9b5eeb5278a8a636bb0abdd9ff5076bcbb836cd2302565df53ff1fa7d106d54",
                "sha256:ab046e9cb902d1f62c9cc0eca055b1d11108bdc271caf7c2171487298f229b56",
                "sha256:ab2c056ac503f25a63f6c8c6771373e2a711b98b304614151dfb552d3d6c81f6",
                "sha256:abbce982a17c88d2312ec2cf7673985d444f1beaac6e8189424e0a0e0448dbb3",
                "sha256:ac178e666c097c8d3deb5097b58cd1316092fc43e8ef5b5fdb259b51da7e7315",
                "sha256:ad761cfbe477236802a7ab2c080d268c95e784fe30cafa7e055aacd1ca877eb0",
                "sha256:affec1470351178e892121b3414c8ef7803269f207bf9bef85f9a6dd11cde264",
                "sha256:b164cc3c8acb3d102e311f2eb6f3c305865ecb377e56adc015cb51f721f1dda6",
                "sha256:b48616a09d7df9dbae2f45a0256eee7b794b903ddc6d8657a9948669b345f220",
                "sha256:b491998ef886662c1f3d49ea2198055a9a536ddf7430b051b21054f2a5831800",
                "sha256:b733076ff46e7db5504c5e7284f04a9852c63214c74688bdb6135808531755a3",
                "sha256:c8fedc3ccd62c6b77dfe6f43802057a803a411ee96f14e946f4a76ec4ed0e117",
                "sha256:cb1f69a0a2a2b1aae8412979dd6293cc6bcddd4439bf07e4758d864ddb112354",
                "sha256:cca8524b61c0eaaa3505382dc9b9a3bc8165f1d6c010fdd1452c224225a26689",
                "sha256:cfb9f7eae02d3ac42fbedad30006b7407c984a0eb4189a1322241a20944d61e5",
                "sha256:d4427b4a136e3b7f85516c76dd2e0756c22eec4026afb76ca1397152b0ca8145",
                "sha256:d488c5c8630f7e782e800869f82744c3aca4aca62c63232e5d8c490d3d66956a",
                "sha256:dd771a440effa1c36d3523bc6ba4e54ff5d2e54b4adcc1e060d8f3ca3721d228",
                "sha256:ed15e3a2c3c2398e6ae5ce86d6a31b452dfd6ad4cd5d312596b30929c4b6e182",
                "sha256:edbbf06cc2719889470a8d2bf5072bb00f423e12de0eb9ffec946c2c9748e149",
                "sha256:eef2a0b880ab40aca5a878933376cb6c1ec483fba72f7f34e015c0f675c90b20",
                "sha256:f7c8b8368e84381ae7c57f1f5283b029c888504aaf4949c32e6e6fb256ec9bf0",
                "sha256:ffc71111433bd6ec8607a37b9211f4ef42e3d3b271c6d76c813669834764b248"
            ],
            "markers": "python_version >= '3.6'",
            "version": "==25.0.2"
        },
        "scikit-learn": {
            "hashes": [
                "sha256:0098757148ee055796370ca5f4c5887940c46f87a4989f7ca9be6a2c42803ef1",
                "sha256:06b78e6f62b6a89b00acc873ee823c99ddf4ee1d461a02ce0d22276a17d2c13e",
                "sha256:07aaa1d639759ebfa33e747022d3fde880eb4343c6a7ddd916478be3a6b98d67",
                "sha256:087fffad9e7604bbbaa078bdfdf6919a96495f0eb742c70dd900820224c20a0a",
                "sha256:09b81c1145437fd5d25a2e8419621185c22b05450a7c77ad0a568194bbd65963",
                "sha256:1632967d8fbae09e6090ef6bd632681c5fc64b95378a858c59fd37b57357425e",
                "sha256:3004fe60aca1f20b80d13698e5d9123e0d500062b548c733a9f230ab943ce334",
                "sha256:314abf60c073c48a1e95feaae9f3ca47a2139bd77cebb5b877c23a45c9e03012",
                "sha256:594e693aef1dca29ab5823781f8db15815f257295cff52868f0602553ee5c66b",
                "sha256:5e426ed57851e60d2edb63a60888cc85e47b129f69f9c26eb872d8b7581c4c63",
                "sha256:63b7c4ddd5a6ed504ee7a6d2670dc8df478b70c4e31a2d165de82c4d6f4b6e1b",
                "sha256:8049f6330bbd1f8dd8db587fbfb69f8150efb36a22ddb4d178a0479c027496c5",
                "sha256:8509da5e03155c872d2e646763f4d42cfbdbd460dad9b803dba7602c32b7a605",
                "sha256:8c524b4567bb4d5ea172aa0d8212fe1b06898c4ad130ac443bbe0e5f4bd9d104",
                "sha256:ab3f791d5663bcc8137ea2339cbbd81907d2c7f51da6ef0402a6a37ef74bd857",
                "sha256:ac81facbda6ac2296e5d7b7518dc15d93858fda34f7d7877a5e9bbc2c8b0b5aa",
                "sha256:bc48a36424a6af3c353827a5d68abdad132f5ca843d721852fdf8b2e8d6277d3",
                "sha256:c252cfb331e15188d731253cffaa04a87fb0ea7aad5bff9f85229b5b883c8290",
                "sha256:ca60076ba9e38ed936a0e7fb5a0d18cffe375840d9dc4e562df7e0f5ee066d4d",
                "sha256:df3111e9a6d1b5009b45d10e98276e1e7fafefc538a6496e4e80042bba27cf68",
                "sha256:e321baa1210d20ac9751f4f8ec5e64affc44c93992a7e61611663884cd3e4b5a"
            ],
            "index": "pypi",
            "version": "==0.22.0"
        },
        "scipy": {
            "hashes": [
                "sha256:168c45c0c32e23f613db7c9e4e780bc61982d71dcd406ead746c7c7c2f2004ce",
                "sha256:213bc59191da2f479984ad4ec39406bf949a99aba70e9237b916ce7547b6ef42",
                "sha256:25b241034215247481f53355e05f9e25462682b13bd9191359075682adcd9554",
                "sha256:2c872de0c69ed20fb1a9b9cf6f77298b04a26f0b8720a5457be08be254366c6e",
                "sha256:3397c129b479846d7eaa18f999369a24322d008fac0782e7828fa567358c36ce",
                "sha256:368c0f69f93186309e1b4beb8e26d51dd6f5010b79264c0f1e9ca00cd92ea8c9",
                "sha256:3d5db5d815370c28d938cf9b0809dade4acf7aba57eaf7ef733bfedc9b2474c4",
                "sha256:4598cf03136067000855d6b44d7a1f4f46994164bcd450fb2c3d481afc25dd06",
                "sha256:4a453d5e5689de62e5d38edf40af3f17560bfd63c9c5bd228c18c1f99afa155b",
                "sha256:4f12d13ffbc16e988fa40809cbbd7a8b45bc05ff6ea0ba8e3e41f6f4db3a9e47",
                "sha256:634568a3018bc16a83cda28d4f7aed0d803dd5618facb36e977e53b2df868443",
                "sha256:65923bc3809524e46fb7eb4d6346552cbb6a1ffc41be748535aa502a2e3d3389",
                "sha256:6b0ceb23560f46dd236a8ad4378fc40bad1783e997604ba845e131d6c680963e",
                "sha256:8c8d6ca19c8497344b810b0b0344f8375af5f6bb9c98bd42e33f747417ab3f57",
                "sha256:9ad4fcddcbf5dc67619379782e6aeef41218a79e17979aaed01ed099876c0e62",
                "sha256:a254b98dbcc744c723a838c03b74a8a34c0558c9ac5c86d5561703362231107d",
                "sha256:b03c4338d6d3d299e8ca494194c0ae4f611548da59e3c038813f1a43976cb437",
                "sha256:cc1f78ebc982cd0602c9a7615d878396bec94908db67d4ecddca864d049112f2",
                "sha256:d6d25c41a009e3c6b7e757338948d0076ee1dd1770d1c09ec131f11946883c54",
                "sha256:d84cadd7d7998433334c99fa55bcba0d8b4aeff0edb123b2a1dfcface538e474",
                "sha256:e360cb2299028d0b0d0f65a5c5e51fc16a335f1603aa2357c25766c8dab56938",
                "sha256:e98d49a5717369d8241d6cf33ecb0ca72deee392414118198a8e5b4c35c56340",
                "sha256:ed572470af2438b526ea574ff8f05e7f39b44ac37f712105e57fc4d53a6fb660",
                "sha256:f87b39f4d69cf7d7529d7b1098cb712033b17ea7714aed831b95628f483fd012",
                "sha256:fa789583fc94a7689b45834453fec095245c7e69c58561dc159b5d5277057e4c"
            ],
            "markers": "python_version >= '3.6'",
            "version": "==1.5.4"
        },
        "six": {
            "hashes": [
                "sha256:1e61c37477a1626458e36f7b1d82aa5c9b094fa4802892072e49de9c60c4c926",
                "sha256:8abb2f1d86890a2dfb989f9a77cfcfd3e47c2a354b01111771326f8aa26e0254"
            ],
            "markers": "python_version >= '2.7' and python_version not in '3.0, 3.1, 3.2, 3.3'",
            "version": "==1.16.0"
        },
        "stack-data": {
            "hashes": [
                "sha256:32d2dd0376772d01b6cb9fc996f3c8b57a357089dec328ed4b6553d037eaf815",
                "sha256:cbb2a53eb64e5785878201a97ed7c7b94883f48b87bfb0bbe8b623c74679e4a8"
            ],
            "version": "==0.6.2"
        },
        "tornado": {
            "hashes": [
                "sha256:05615096845cf50a895026f749195bf0b10b8909f9be672f50b0fe69cba368e4",
                "sha256:0c325e66c8123c606eea33084976c832aa4e766b7dff8aedd7587ea44a604cdf",
                "sha256:29e71c847a35f6e10ca3b5c2990a52ce38b233019d8e858b755ea6ce4dcdd19d",
                "sha256:4b927c4f19b71e627b13f3db2324e4ae660527143f9e1f2e2fb404f3a187e2ba",
                "sha256:5b17b1cf5f8354efa3d37c6e28fdfd9c1c1e5122f2cb56dac121ac61baa47cbe",
                "sha256:6a0848f1aea0d196a7c4f6772197cbe2abc4266f836b0aac76947872cd29b411",
                "sha256:7efcbcc30b7c654eb6a8c9c9da787a851c18f8ccd4a5a3a95b05c7accfa068d2",
                "sha256:834ae7540ad3a83199a8da8f9f2d383e3c3d5130a328889e4cc991acc81e87a0",
                "sha256:b46a6ab20f5c7c1cb949c72c1994a4585d2eaa0be4853f50a03b5031e964fc7c",
                "sha256:c2de14066c4a38b4ecbbcd55c5cc4b5340eb04f1c5e81da7451ef555859c833f",
                "sha256:c367ab6c0393d71171123ca5515c61ff62fe09024fa6bf299cd1339dc9456829"
            ],
            "index": "pypi",
            "version": "==6.3.2"
        },
        "traitlets": {
            "hashes": [
                "sha256:9e6ec080259b9a5940c797d58b613b5e31441c2257b87c2e795c5228ae80d2d8",
                "sha256:f6cde21a9c68cf756af02035f72d5a723bf607e862e7be33ece505abf4a3bad9"
            ],
            "markers": "python_version >= '3.7'",
            "version": "==5.9.0"
        },
        "typing-extensions": {
            "hashes": [
                "sha256:06006244c70ac8ee83fa8282cb188f697b8db25bc8b4df07be1873c43897060c",
                "sha256:3a8b36f13dd5fdc5d1b16fe317f5668545de77fa0b8e02006381fd49d731ab98"
            ],
            "markers": "python_version < '3.10'",
            "version": "==4.6.2"
        },
        "wcwidth": {
            "hashes": [
                "sha256:795b138f6875577cd91bba52baf9e445cd5118fd32723b460e30a0af30ea230e",
                "sha256:a5220780a404dbe3353789870978e472cfe477761f06ee55077256e509b156d0"
            ],
            "version": "==0.2.6"
        },
        "yellowbrick": {
            "hashes": [
                "sha256:663fdba88a2723baa5cce94c670073ffee17c791c02a7ad03ccc2bcf46f97818",
                "sha256:ac89c8fffe151fc17e20f4825da57e68c02356d6f1151b66370f8114555ab1e6"
            ],
            "index": "pypi",
            "version": "==1.2.1"
        },
        "zipp": {
            "hashes": [
                "sha256:112929ad649da941c23de50f356a2b5570c954b65150642bccdd66bf194d224b",
                "sha256:48904fc76a60e542af151aded95726c1a5c34ed43ab4134b597665c86d7ad556"
            ],
            "markers": "python_version >= '3.7'",
            "version": "==3.15.0"
        }
    },
    "develop": {
        "rope": {
            "hashes": [
                "sha256:786b5c38c530d4846aa68a42604f61b4e69a493390e3ca11b88df0fbfdc3ed04"
            ],
            "index": "pypi",
            "version": "==0.18.0"
        }
    }
}
